
Microsoft Visual Studio Solution File, Format Version 12.00
# Visual Studio 15
VisualStudioVersion = 15.0.27004.2009
MinimumVisualStudioVersion = 10.0.40219.1
Project("{FAE04EC0-301F-11D3-BF4B-00C04F79EFBC}") = "SolvrWebClient", "SolvrWebClient\SolvrWebClient.csproj", "{36427826-98CF-49DA-8D00-91BE3C82ECAE}"
EndProject
Project("{FAE04EC0-301F-11D3-BF4B-00C04F79EFBC}") = "SolvrWebClient.Tests", "SolvrWebClient.Tests\SolvrWebClient.Tests.csproj", "{4BC2426F-A404-47E5-B2A1-AA92D7F77F97}"
EndProject
Project("{FAE04EC0-301F-11D3-BF4B-00C04F79EFBC}") = "SolvrDesktopClient", "SolvrDesktopClient\SolvrDesktopClient.csproj", "{81291A43-3210-4048-955D-0CB1C4DEFA39}"
	ProjectSection(ProjectDependencies) = postProject
		{6CCBD207-72D6-41B1-8BE6-7F3093464FF5} = {6CCBD207-72D6-41B1-8BE6-7F3093464FF5}
	EndProjectSection
EndProject
Project("{FAE04EC0-301F-11D3-BF4B-00C04F79EFBC}") = "SolvrLibrary", "SolvrLibrary\SolvrLibrary.csproj", "{7A512B96-B646-4E04-B9F5-6C9658209C1B}"
EndProject
Project("{FAE04EC0-301F-11D3-BF4B-00C04F79EFBC}") = "Solvr.Tests", "Solvr.Test\Solvr.Tests.csproj", "{2057D521-D8CB-462E-80CB-E9EB5C03C3E9}"
	ProjectSection(ProjectDependencies) = postProject
		{6CCBD207-72D6-41B1-8BE6-7F3093464FF5} = {6CCBD207-72D6-41B1-8BE6-7F3093464FF5}
	EndProjectSection
EndProject
Project("{FAE04EC0-301F-11D3-BF4B-00C04F79EFBC}") = "DbHandler", "DbHandler\DbHandler.csproj", "{8BDD62DA-112F-4F2A-BA74-072077470C3A}"
EndProject
Project("{FAE04EC0-301F-11D3-BF4B-00C04F79EFBC}") = "DataAccesLayer", "DataAccesLayer\DataAccesLayer.csproj", "{2E3B225A-AAD6-4D73-A4F6-C76DB17E9638}"
EndProject
Project("{FAE04EC0-301F-11D3-BF4B-00C04F79EFBC}") = "SolvrServices", "SolvrServices\SolvrServices.csproj", "{6CCBD207-72D6-41B1-8BE6-7F3093464FF5}"
EndProject
Project("{FAE04EC0-301F-11D3-BF4B-00C04F79EFBC}") = "wcfConsoleApplication", "wcfConsoleApplication\wcfConsoleApplication.csproj", "{C0DA5FFF-AF14-4A04-BBA9-F00FB5AB2B64}"
EndProject
Global
	GlobalSection(SolutionConfigurationPlatforms) = preSolution
		Debug|Any CPU = Debug|Any CPU
		Release|Any CPU = Release|Any CPU
	EndGlobalSection
	GlobalSection(ProjectConfigurationPlatforms) = postSolution
		{36427826-98CF-49DA-8D00-91BE3C82ECAE}.Debug|Any CPU.ActiveCfg = Debug|Any CPU
		{36427826-98CF-49DA-8D00-91BE3C82ECAE}.Debug|Any CPU.Build.0 = Debug|Any CPU
		{36427826-98CF-49DA-8D00-91BE3C82ECAE}.Release|Any CPU.ActiveCfg = Release|Any CPU
		{36427826-98CF-49DA-8D00-91BE3C82ECAE}.Release|Any CPU.Build.0 = Release|Any CPU
		{4BC2426F-A404-47E5-B2A1-AA92D7F77F97}.Debug|Any CPU.ActiveCfg = Debug|Any CPU
		{4BC2426F-A404-47E5-B2A1-AA92D7F77F97}.Debug|Any CPU.Build.0 = Debug|Any CPU
		{4BC2426F-A404-47E5-B2A1-AA92D7F77F97}.Release|Any CPU.ActiveCfg = Release|Any CPU
		{4BC2426F-A404-47E5-B2A1-AA92D7F77F97}.Release|Any CPU.Build.0 = Release|Any CPU
		{81291A43-3210-4048-955D-0CB1C4DEFA39}.Debug|Any CPU.ActiveCfg = Debug|Any CPU
		{81291A43-3210-4048-955D-0CB1C4DEFA39}.Debug|Any CPU.Build.0 = Debug|Any CPU
		{81291A43-3210-4048-955D-0CB1C4DEFA39}.Release|Any CPU.ActiveCfg = Release|Any CPU
		{81291A43-3210-4048-955D-0CB1C4DEFA39}.Release|Any CPU.Build.0 = Release|Any CPU
		{7A512B96-B646-4E04-B9F5-6C9658209C1B}.Debug|Any CPU.ActiveCfg = Debug|Any CPU
		{7A512B96-B646-4E04-B9F5-6C9658209C1B}.Debug|Any CPU.Build.0 = Debug|Any CPU
		{7A512B96-B646-4E04-B9F5-6C9658209C1B}.Release|Any CPU.ActiveCfg = Release|Any CPU
		{7A512B96-B646-4E04-B9F5-6C9658209C1B}.Release|Any CPU.Build.0 = Release|Any CPU
		{2057D521-D8CB-462E-80CB-E9EB5C03C3E9}.Debug|Any CPU.ActiveCfg = Debug|Any CPU
		{2057D521-D8CB-462E-80CB-E9EB5C03C3E9}.Debug|Any CPU.Build.0 = Debug|Any CPU
		{2057D521-D8CB-462E-80CB-E9EB5C03C3E9}.Release|Any CPU.ActiveCfg = Release|Any CPU
		{2057D521-D8CB-462E-80CB-E9EB5C03C3E9}.Release|Any CPU.Build.0 = Release|Any CPU
		{8BDD62DA-112F-4F2A-BA74-072077470C3A}.Debug|Any CPU.ActiveCfg = Debug|Any CPU
		{8BDD62DA-112F-4F2A-BA74-072077470C3A}.Debug|Any CPU.Build.0 = Debug|Any CPU
		{8BDD62DA-112F-4F2A-BA74-072077470C3A}.Release|Any CPU.ActiveCfg = Release|Any CPU
		{8BDD62DA-112F-4F2A-BA74-072077470C3A}.Release|Any CPU.Build.0 = Release|Any CPU
		{2E3B225A-AAD6-4D73-A4F6-C76DB17E9638}.Debug|Any CPU.ActiveCfg = Debug|Any CPU
		{2E3B225A-AAD6-4D73-A4F6-C76DB17E9638}.Debug|Any CPU.Build.0 = Debug|Any CPU
		{2E3B225A-AAD6-4D73-A4F6-C76DB17E9638}.Release|Any CPU.ActiveCfg = Release|Any CPU
		{2E3B225A-AAD6-4D73-A4F6-C76DB17E9638}.Release|Any CPU.Build.0 = Release|Any CPU
		{6CCBD207-72D6-41B1-8BE6-7F3093464FF5}.Debug|Any CPU.ActiveCfg = Debug|Any CPU
		{6CCBD207-72D6-41B1-8BE6-7F3093464FF5}.Debug|Any CPU.Build.0 = Debug|Any CPU
		{6CCBD207-72D6-41B1-8BE6-7F3093464FF5}.Release|Any CPU.ActiveCfg = Release|Any CPU
		{6CCBD207-72D6-41B1-8BE6-7F3093464FF5}.Release|Any CPU.Build.0 = Release|Any CPU
		{C0DA5FFF-AF14-4A04-BBA9-F00FB5AB2B64}.Debug|Any CPU.ActiveCfg = Debug|Any CPU
		{C0DA5FFF-AF14-4A04-BBA9-F00FB5AB2B64}.Debug|Any CPU.Build.0 = Debug|Any CPU
		{C0DA5FFF-AF14-4A04-BBA9-F00FB5AB2B64}.Release|Any CPU.ActiveCfg = Release|Any CPU
		{C0DA5FFF-AF14-4A04-BBA9-F00FB5AB2B64}.Release|Any CPU.Build.0 = Release|Any CPU
	EndGlobalSection
	GlobalSection(SolutionProperties) = preSolution
		HideSolutionNode = FALSE
	EndGlobalSection
	GlobalSection(ExtensibilityGlobals) = postSolution
		SolutionGuid = {30BDA5B7-EE53-49B2-A673-437D8AE4750F}
	EndGlobalSection
EndGlobal
